{
  "name": "acme-orders-web",
  "version": "1.0.0",
  "lockfileVersion": 3,
  "requires": true,
  "packages": {
    "": {
      "name": "acme-orders-web",
      "version": "1.0.0",
      "dependencies": {
        "next": "14.2.3",
        "react": "18.3.1",
        "react-dom": "18.3.1",
        "left-pad-pro": "1.0.0"
      },
      "devDependencies": {
        "typescript": "5.4.5"
      }
    },
    "node_modules/next": {
      "version": "14.2.3",
      "license": "MIT"
    },
    "node_modules/react": {
      "version": "18.3.1",
      "license": "MIT"
    },
    "node_modules/react-dom": {
      "version": "18.3.1",
      "license": "MIT"
    },
    "node_modules/left-pad-pro": {
      "version": "1.0.0",
      "license": "MIT"
    },
    "node_modules/typescript": {
      "version": "5.4.5",
      "dev": true,
      "license": "Apache-2.0"
    },
    "node_modules/scheduler": {
      "version": "0.23.0",
      "license": "MIT"
    }
  }
}
